
Microsoft Visual Studio Solution File, Format Version 11.00
# Visual Studio 2010
# SharpDevelop 4.4
Project("{FD48973F-F585-4F70-812B-4D0503B36CE9}") = "Rainbows", "Rainbows\Rainbows.pyproj", "{532F67A8-04AD-4DAB-B2C0-AAEC350A7640}"
EndProject
Global
	GlobalSection(SolutionConfigurationPlatforms) = preSolution
		Debug|Any CPU = Debug|Any CPU
		Release|Any CPU = Release|Any CPU
	EndGlobalSection
	GlobalSection(ProjectConfigurationPlatforms) = postSolution
		{532F67A8-04AD-4DAB-B2C0-AAEC350A7640}.Debug|Any CPU.Build.0 = Debug|Any CPU
		{532F67A8-04AD-4DAB-B2C0-AAEC350A7640}.Debug|Any CPU.ActiveCfg = Debug|Any CPU
		{532F67A8-04AD-4DAB-B2C0-AAEC350A7640}.Release|Any CPU.Build.0 = Release|Any CPU
		{532F67A8-04AD-4DAB-B2C0-AAEC350A7640}.Release|Any CPU.ActiveCfg = Release|Any CPU
	EndGlobalSection
EndGlobal
